Microsoft Visual Studio Solution File, Format Version 12.00
Project("{FAE04EC0-301F-11D3-BF4B-00C04F79EFBC}") = "Neo4jClient", "Neo4jClient\Neo4jClient.csproj", "{40041343-896B-47F0-BC20-98B8AE23291A}"
EndProject
Project("{FAE04EC0-301F-11D3-BF4B-00C04F79EFBC}") = "Neo4jClient.Tests", "Neo4jClient.Tests\Neo4jClient.Tests.csproj", "{7BDF43D1-C655-4912-888E-90DA18428427}"
EndProject
Project("{F2A71F9B-5D33-465A-A702-920D77279786}") = "Neo4jClient.FSharp.Tests", "Neo4jClient.FSharp.Tests\Neo4jClient.FSharp.Tests.fsproj", "{612B22D2-0799-44A7-87D6-D35A81303D73}"
EndProject
Project("{2150E333-8FDC-42A3-9474-1A3956D46DE8}") = "Tests", "Tests", "{BDE80529-C2DE-4E79-86AB-C514A29A0C7A}"
EndProject
Global
	GlobalSection(SolutionConfigurationPlatforms) = preSolution
		Debug|Any CPU = Debug|Any CPU
		Release|Any CPU = Release|Any CPU
	EndGlobalSection
	GlobalSection(ProjectConfigurationPlatforms) = postSolution
		{40041343-896B-47F0-BC20-98B8AE23291A}.Debug|Any CPU.ActiveCfg = Debug|Any CPU
		{40041343-896B-47F0-BC20-98B8AE23291A}.Debug|Any CPU.Build.0 = Debug|Any CPU
		{40041343-896B-47F0-BC20-98B8AE23291A}.Release|Any CPU.ActiveCfg = Release|Any CPU
		{40041343-896B-47F0-BC20-98B8AE23291A}.Release|Any CPU.Build.0 = Release|Any CPU
		{7BDF43D1-C655-4912-888E-90DA18428427}.Debug|Any CPU.ActiveCfg = Debug|Any CPU
		{7BDF43D1-C655-4912-888E-90DA18428427}.Debug|Any CPU.Build.0 = Debug|Any CPU
		{7BDF43D1-C655-4912-888E-90DA18428427}.Release|Any CPU.ActiveCfg = Release|Any CPU
		{7BDF43D1-C655-4912-888E-90DA18428427}.Release|Any CPU.Build.0 = Release|Any CPU
		{612B22D2-0799-44A7-87D6-D35A81303D73}.Debug|Any CPU.ActiveCfg = Debug|Any CPU
		{612B22D2-0799-44A7-87D6-D35A81303D73}.Debug|Any CPU.Build.0 = Debug|Any CPU
		{612B22D2-0799-44A7-87D6-D35A81303D73}.Release|Any CPU.ActiveCfg = Release|Any CPU
		{612B22D2-0799-44A7-87D6-D35A81303D73}.Release|Any CPU.Build.0 = Release|Any CPU
	EndGlobalSection
	GlobalSection(NestedProjects) = preSolution
		{612B22D2-0799-44A7-87D6-D35A81303D73} = {BDE80529-C2DE-4E79-86AB-C514A29A0C7A}
		{7BDF43D1-C655-4912-888E-90DA18428427} = {BDE80529-C2DE-4E79-86AB-C514A29A0C7A}
	EndGlobalSection
EndGlobal
