
Microsoft Visual Studio Solution File, Format Version 12.00
# Visual Studio 2012
Project("{FAE04EC0-301F-11D3-BF4B-00C04F79EFBC}") = "Neo4jClient", "Neo4jClient\Neo4jClient.csproj", "{343B9889-6DDF-4474-A1EC-05508A652E5A}"
EndProject
Project("{FAE04EC0-301F-11D3-BF4B-00C04F79EFBC}") = "Test", "Test\Test.csproj", "{2724A871-4B4F-4C83-8E0F-2439F69CADA2}"
EndProject
Project("{2150E333-8FDC-42A3-9474-1A3956D46DE8}") = ".nuget", ".nuget", "{4BDBC8A7-BD54-412B-B8C9-95F4BA6C0F7A}"
	ProjectSection(SolutionItems) = preProject
		.nuget\NuGet.Config = .nuget\NuGet.Config
		.nuget\NuGet.exe = .nuget\NuGet.exe
		.nuget\NuGet.targets = .nuget\NuGet.targets
	EndProjectSection
EndProject
Global
	GlobalSection(SolutionConfigurationPlatforms) = preSolution
		Debug|Any CPU = Debug|Any CPU
		Release|Any CPU = Release|Any CPU
	EndGlobalSection
	GlobalSection(ProjectConfigurationPlatforms) = postSolution
		{343B9889-6DDF-4474-A1EC-05508A652E5A}.Debug|Any CPU.ActiveCfg = Debug|Any CPU
		{343B9889-6DDF-4474-A1EC-05508A652E5A}.Debug|Any CPU.Build.0 = Debug|Any CPU
		{343B9889-6DDF-4474-A1EC-05508A652E5A}.Release|Any CPU.ActiveCfg = Release|Any CPU
		{343B9889-6DDF-4474-A1EC-05508A652E5A}.Release|Any CPU.Build.0 = Release|Any CPU
		{2724A871-4B4F-4C83-8E0F-2439F69CADA2}.Debug|Any CPU.ActiveCfg = Debug|Any CPU
		{2724A871-4B4F-4C83-8E0F-2439F69CADA2}.Debug|Any CPU.Build.0 = Debug|Any CPU
		{2724A871-4B4F-4C83-8E0F-2439F69CADA2}.Release|Any CPU.ActiveCfg = Release|Any CPU
		{2724A871-4B4F-4C83-8E0F-2439F69CADA2}.Release|Any CPU.Build.0 = Release|Any CPU
	EndGlobalSection
	GlobalSection(SolutionProperties) = preSolution
		HideSolutionNode = FALSE
	EndGlobalSection
EndGlobal
